
Microsoft Visual Studio Solution File, Format Version 12.00
# Visual Studio Version 17
VisualStudioVersion = 17.4.33205.214
MinimumVisualStudioVersion = 10.0.40219.1
Project("{FAE04EC0-301F-11D3-BF4B-00C04F79EFBC}") = "dbd screenshot", "dbd screenshot\dbd screenshot.csproj", "{9371ADA2-E87C-45E3-822C-1A6C94BE5CA0}"
EndProject
Global
	GlobalSection(SolutionConfigurationPlatforms) = preSolution
		Debug|Any CPU = Debug|Any CPU
		Release|Any CPU = Release|Any CPU
	EndGlobalSection
	GlobalSection(ProjectConfigurationPlatforms) = postSolution
		{9371ADA2-E87C-45E3-822C-1A6C94BE5CA0}.Debug|Any CPU.ActiveCfg = Debug|Any CPU
		{9371ADA2-E87C-45E3-822C-1A6C94BE5CA0}.Debug|Any CPU.Build.0 = Debug|Any CPU
		{9371ADA2-E87C-45E3-822C-1A6C94BE5CA0}.Release|Any CPU.ActiveCfg = Release|Any CPU
		{9371ADA2-E87C-45E3-822C-1A6C94BE5CA0}.Release|Any CPU.Build.0 = Release|Any CPU
	EndGlobalSection
	GlobalSection(SolutionProperties) = preSolution
		HideSolutionNode = FALSE
	EndGlobalSection
	GlobalSection(ExtensibilityGlobals) = postSolution
		SolutionGuid = {BBD7546C-AF99-4294-8F1C-FDB525CBF67D}
	EndGlobalSection
EndGlobal
